
Microsoft Visual Studio Solution File, Format Version 12.00
# Visual Studio Version 16
VisualStudioVersion = 16.0.29911.84
MinimumVisualStudioVersion = 10.0.40219.1
Project("{2150E333-8FDC-42A3-9474-1A3956D46DE8}") = "Application", "Application", "{DA23E8E5-01EE-4877-86B0-934C6CE525D6}"
EndProject
Project("{2150E333-8FDC-42A3-9474-1A3956D46DE8}") = "Domain", "Domain", "{7BCF257E-3EFF-4CF5-BD01-19D2EE659297}"
EndProject
Project("{2150E333-8FDC-42A3-9474-1A3956D46DE8}") = "Infra.Data", "Infra.Data", "{6697C814-2987-4D2E-9C8F-B34D894A80C2}"
EndProject
Project("{2150E333-8FDC-42A3-9474-1A3956D46DE8}") = "Infra.IoC", "Infra.IoC", "{29BDB8AD-F6EA-4294-8C60-DF1D883227BA}"
EndProject
Project("{2150E333-8FDC-42A3-9474-1A3956D46DE8}") = "Presentation", "Presentation", "{680C147D-64DD-4399-A6DA-0B26987158B0}"
EndProject
Project("{FAE04EC0-301F-11D3-BF4B-00C04F79EFBC}") = "CleanArch.Mvc", "CleanArch.Mvc\CleanArch.Mvc.csproj", "{2258388D-7F71-487F-A593-521E658B816B}"
EndProject
Global
	GlobalSection(SolutionConfigurationPlatforms) = preSolution
		Debug|Any CPU = Debug|Any CPU
		Release|Any CPU = Release|Any CPU
	EndGlobalSection
	GlobalSection(ProjectConfigurationPlatforms) = postSolution
		{2258388D-7F71-487F-A593-521E658B816B}.Debug|Any CPU.ActiveCfg = Debug|Any CPU
		{2258388D-7F71-487F-A593-521E658B816B}.Debug|Any CPU.Build.0 = Debug|Any CPU
		{2258388D-7F71-487F-A593-521E658B816B}.Release|Any CPU.ActiveCfg = Release|Any CPU
		{2258388D-7F71-487F-A593-521E658B816B}.Release|Any CPU.Build.0 = Release|Any CPU
	EndGlobalSection
	GlobalSection(SolutionProperties) = preSolution
		HideSolutionNode = FALSE
	EndGlobalSection
	GlobalSection(NestedProjects) = preSolution
		{2258388D-7F71-487F-A593-521E658B816B} = {680C147D-64DD-4399-A6DA-0B26987158B0}
	EndGlobalSection
	GlobalSection(ExtensibilityGlobals) = postSolution
		SolutionGuid = {317846C4-98D0-4035-BC4A-3EAB36584B0A}
	EndGlobalSection
EndGlobal
